
Microsoft Visual Studio Solution File, Format Version 11.00
# Visual Studio 2010
Project("{8BC9CEB8-8B4A-11D0-8D11-00A0C91BC942}") = "DxPong", "DxPong\DxPong.vcxproj", "{1FFE9AA2-5DCD-475B-BBCA-8D3CEAE9AD91}"
EndProject
Global
	GlobalSection(SolutionConfigurationPlatforms) = preSolution
		Debug|Win32 = Debug|Win32
		Release|Win32 = Release|Win32
	EndGlobalSection
	GlobalSection(ProjectConfigurationPlatforms) = postSolution
		{1FFE9AA2-5DCD-475B-BBCA-8D3CEAE9AD91}.Debug|Win32.ActiveCfg = Debug|Win32
		{1FFE9AA2-5DCD-475B-BBCA-8D3CEAE9AD91}.Debug|Win32.Build.0 = Debug|Win32
		{1FFE9AA2-5DCD-475B-BBCA-8D3CEAE9AD91}.Release|Win32.ActiveCfg = Release|Win32
		{1FFE9AA2-5DCD-475B-BBCA-8D3CEAE9AD91}.Release|Win32.Build.0 = Release|Win32
	EndGlobalSection
	GlobalSection(SolutionProperties) = preSolution
		HideSolutionNode = FALSE
	EndGlobalSection
EndGlobal
